
Microsoft Visual Studio Solution File, Format Version 12.00
# Visual Studio 15
VisualStudioVersion = 15.0.27703.2026
MinimumVisualStudioVersion = 10.0.40219.1
Project("{FAE04EC0-301F-11D3-BF4B-00C04F79EFBC}") = "TTT_FORMS", "TTT_FORMS\TTT_FORMS.csproj", "{34A2D271-E07C-472B-9C64-B8A2914BF60C}"
EndProject
Project("{FAE04EC0-301F-11D3-BF4B-00C04F79EFBC}") = "TTT_PCL", "TTT_PCL\TTT_PCL.csproj", "{B6F4E1A7-C36F-486F-92B2-D39EF282E0AF}"
EndProject
Global
	GlobalSection(SolutionConfigurationPlatforms) = preSolution
		Debug|Any CPU = Debug|Any CPU
		Release|Any CPU = Release|Any CPU
	EndGlobalSection
	GlobalSection(ProjectConfigurationPlatforms) = postSolution
		{34A2D271-E07C-472B-9C64-B8A2914BF60C}.Debug|Any CPU.ActiveCfg = Debug|Any CPU
		{34A2D271-E07C-472B-9C64-B8A2914BF60C}.Debug|Any CPU.Build.0 = Debug|Any CPU
		{34A2D271-E07C-472B-9C64-B8A2914BF60C}.Release|Any CPU.ActiveCfg = Release|Any CPU
		{34A2D271-E07C-472B-9C64-B8A2914BF60C}.Release|Any CPU.Build.0 = Release|Any CPU
		{B6F4E1A7-C36F-486F-92B2-D39EF282E0AF}.Debug|Any CPU.ActiveCfg = Debug|Any CPU
		{B6F4E1A7-C36F-486F-92B2-D39EF282E0AF}.Debug|Any CPU.Build.0 = Debug|Any CPU
		{B6F4E1A7-C36F-486F-92B2-D39EF282E0AF}.Release|Any CPU.ActiveCfg = Release|Any CPU
		{B6F4E1A7-C36F-486F-92B2-D39EF282E0AF}.Release|Any CPU.Build.0 = Release|Any CPU
	EndGlobalSection
	GlobalSection(SolutionProperties) = preSolution
		HideSolutionNode = FALSE
	EndGlobalSection
	GlobalSection(ExtensibilityGlobals) = postSolution
		SolutionGuid = {20A339EC-8A6D-4B60-BF34-4C0E677BA3C2}
	EndGlobalSection
EndGlobal
